
Microsoft Visual Studio Solution File, Format Version 12.00
# Visual Studio Version 16
VisualStudioVersion = 16.0.30804.86
MinimumVisualStudioVersion = 10.0.40219.1
Project("{FAE04EC0-301F-11D3-BF4B-00C04F79EFBC}") = "KocsiKolcsonzo", "KocsiKolcsonzo\KocsiKolcsonzo.csproj", "{088FD420-D124-4C36-81B0-D63014D534DC}"
EndProject
Project("{54435603-DBB4-11D2-8724-00A0C9A8B90C}") = "Setup", "Setup\Setup.vdproj", "{76F7CEBB-123D-4A62-9DFF-1DBE2451BE6C}"
EndProject
Global
	GlobalSection(SolutionConfigurationPlatforms) = preSolution
		Debug|Any CPU = Debug|Any CPU
		Release|Any CPU = Release|Any CPU
	EndGlobalSection
	GlobalSection(ProjectConfigurationPlatforms) = postSolution
		{088FD420-D124-4C36-81B0-D63014D534DC}.Debug|Any CPU.ActiveCfg = Debug|Any CPU
		{088FD420-D124-4C36-81B0-D63014D534DC}.Debug|Any CPU.Build.0 = Debug|Any CPU
		{088FD420-D124-4C36-81B0-D63014D534DC}.Release|Any CPU.ActiveCfg = Release|Any CPU
		{088FD420-D124-4C36-81B0-D63014D534DC}.Release|Any CPU.Build.0 = Release|Any CPU
		{76F7CEBB-123D-4A62-9DFF-1DBE2451BE6C}.Debug|Any CPU.ActiveCfg = Debug
		{76F7CEBB-123D-4A62-9DFF-1DBE2451BE6C}.Release|Any CPU.ActiveCfg = Release
	EndGlobalSection
	GlobalSection(SolutionProperties) = preSolution
		HideSolutionNode = FALSE
	EndGlobalSection
	GlobalSection(ExtensibilityGlobals) = postSolution
		SolutionGuid = {6FB9B73B-ACA2-45EB-854E-899B337B5C2D}
	EndGlobalSection
EndGlobal
